
Microsoft Visual Studio Solution File, Format Version 12.00
# Visual Studio Version 17
VisualStudioVersion = 17.1.32328.378
MinimumVisualStudioVersion = 10.0.40219.1
Project("{FAE04EC0-301F-11D3-BF4B-00C04F79EFBC}") = "Unusual", "Unusual\Unusual.csproj", "{D496A434-107E-4982-A9C5-797565D34CCF}"
EndProject
Global
	GlobalSection(SolutionConfigurationPlatforms) = preSolution
		Debug|Any CPU = Debug|Any CPU
		Release|Any CPU = Release|Any CPU
	EndGlobalSection
	GlobalSection(ProjectConfigurationPlatforms) = postSolution
		{D496A434-107E-4982-A9C5-797565D34CCF}.Debug|Any CPU.ActiveCfg = Debug|Any CPU
		{D496A434-107E-4982-A9C5-797565D34CCF}.Debug|Any CPU.Build.0 = Debug|Any CPU
		{D496A434-107E-4982-A9C5-797565D34CCF}.Release|Any CPU.ActiveCfg = Release|Any CPU
		{D496A434-107E-4982-A9C5-797565D34CCF}.Release|Any CPU.Build.0 = Release|Any CPU
	EndGlobalSection
	GlobalSection(SolutionProperties) = preSolution
		HideSolutionNode = FALSE
	EndGlobalSection
	GlobalSection(ExtensibilityGlobals) = postSolution
		SolutionGuid = {647485FE-48A9-412A-9DE5-4DD23B1AA91B}
	EndGlobalSection
EndGlobal
